
Microsoft Visual Studio Solution File, Format Version 12.00
Project("{FAE04EC0-301F-11D3-BF4B-00C04F79EFBC}") = "CorUI.TestApp", "CorUI.TestApp\CorUI.TestApp.csproj", "{83CFF7DD-C23F-4ED7-81C5-7D2857F4ED2A}"
EndProject
Project("{FAE04EC0-301F-11D3-BF4B-00C04F79EFBC}") = "CorUI", "CorUI\CorUI.csproj", "{DF9D05CD-040D-47C2-9D9B-5B39AF29B439}"
EndProject
Project("{FAE04EC0-301F-11D3-BF4B-00C04F79EFBC}") = "CorUI.macOS", "CorUI.macOS\CorUI.macOS.csproj", "{5A16ADB8-F35F-48B4-A6B8-A6B5034ADE16}"
EndProject
Project("{2150E333-8FDC-42A3-9474-1A3956D46DE8}") = "TestApp", "TestApp", "{F6830E07-EB9E-46D8-95DF-3FD601342C61}"
EndProject
Project("{FAE04EC0-301F-11D3-BF4B-00C04F79EFBC}") = "TestApp", "TestApp\TestApp.csproj", "{9850A5EB-3731-410A-B26C-F5B7B8BC0DBB}"
EndProject
Project("{FAE04EC0-301F-11D3-BF4B-00C04F79EFBC}") = "TestApp.macOS", "TestApp.macOS\TestApp.macOS.csproj", "{3BE45503-0016-46D6-8833-B9C387E3537F}"
EndProject
Global
	GlobalSection(SolutionConfigurationPlatforms) = preSolution
		Debug|Any CPU = Debug|Any CPU
		Release|Any CPU = Release|Any CPU
	EndGlobalSection
	GlobalSection(ProjectConfigurationPlatforms) = postSolution
		{83CFF7DD-C23F-4ED7-81C5-7D2857F4ED2A}.Debug|Any CPU.ActiveCfg = Debug|Any CPU
		{83CFF7DD-C23F-4ED7-81C5-7D2857F4ED2A}.Debug|Any CPU.Build.0 = Debug|Any CPU
		{83CFF7DD-C23F-4ED7-81C5-7D2857F4ED2A}.Release|Any CPU.ActiveCfg = Release|Any CPU
		{83CFF7DD-C23F-4ED7-81C5-7D2857F4ED2A}.Release|Any CPU.Build.0 = Release|Any CPU
		{DF9D05CD-040D-47C2-9D9B-5B39AF29B439}.Debug|Any CPU.ActiveCfg = Debug|Any CPU
		{DF9D05CD-040D-47C2-9D9B-5B39AF29B439}.Debug|Any CPU.Build.0 = Debug|Any CPU
		{DF9D05CD-040D-47C2-9D9B-5B39AF29B439}.Release|Any CPU.ActiveCfg = Release|Any CPU
		{DF9D05CD-040D-47C2-9D9B-5B39AF29B439}.Release|Any CPU.Build.0 = Release|Any CPU
		{5A16ADB8-F35F-48B4-A6B8-A6B5034ADE16}.Debug|Any CPU.ActiveCfg = Debug|Any CPU
		{5A16ADB8-F35F-48B4-A6B8-A6B5034ADE16}.Debug|Any CPU.Build.0 = Debug|Any CPU
		{5A16ADB8-F35F-48B4-A6B8-A6B5034ADE16}.Release|Any CPU.ActiveCfg = Release|Any CPU
		{5A16ADB8-F35F-48B4-A6B8-A6B5034ADE16}.Release|Any CPU.Build.0 = Release|Any CPU
		{9850A5EB-3731-410A-B26C-F5B7B8BC0DBB}.Debug|Any CPU.ActiveCfg = Debug|Any CPU
		{9850A5EB-3731-410A-B26C-F5B7B8BC0DBB}.Debug|Any CPU.Build.0 = Debug|Any CPU
		{9850A5EB-3731-410A-B26C-F5B7B8BC0DBB}.Release|Any CPU.ActiveCfg = Release|Any CPU
		{9850A5EB-3731-410A-B26C-F5B7B8BC0DBB}.Release|Any CPU.Build.0 = Release|Any CPU
		{3BE45503-0016-46D6-8833-B9C387E3537F}.Debug|Any CPU.ActiveCfg = Debug|Any CPU
		{3BE45503-0016-46D6-8833-B9C387E3537F}.Debug|Any CPU.Build.0 = Debug|Any CPU
		{3BE45503-0016-46D6-8833-B9C387E3537F}.Release|Any CPU.ActiveCfg = Release|Any CPU
		{3BE45503-0016-46D6-8833-B9C387E3537F}.Release|Any CPU.Build.0 = Release|Any CPU
	EndGlobalSection
	GlobalSection(NestedProjects) = preSolution
		{9850A5EB-3731-410A-B26C-F5B7B8BC0DBB} = {F6830E07-EB9E-46D8-95DF-3FD601342C61}
		{3BE45503-0016-46D6-8833-B9C387E3537F} = {F6830E07-EB9E-46D8-95DF-3FD601342C61}
	EndGlobalSection
EndGlobal
