
Microsoft Visual Studio Solution File, Format Version 12.00
# Visual Studio Version 17
VisualStudioVersion = 17.14.36511.14
MinimumVisualStudioVersion = 10.0.40219.1
Project("{FAE04EC0-301F-11D3-BF4B-00C04F79EFBC}") = "CorUI", "CorUI\CorUI.csproj", "{DF9D05CD-040D-47C2-9D9B-5B39AF29B439}"
EndProject
Project("{FAE04EC0-301F-11D3-BF4B-00C04F79EFBC}") = "CorUI.macOS", "CorUI.macOS\CorUI.macOS.csproj", "{5A16ADB8-F35F-48B4-A6B8-A6B5034ADE16}"
EndProject
Project("{2150E333-8FDC-42A3-9474-1A3956D46DE8}") = "TestApp", "TestApp", "{F6830E07-EB9E-46D8-95DF-3FD601342C61}"
EndProject
Project("{FAE04EC0-301F-11D3-BF4B-00C04F79EFBC}") = "TestApp", "TestApp\TestApp.csproj", "{9850A5EB-3731-410A-B26C-F5B7B8BC0DBB}"
EndProject
Project("{FAE04EC0-301F-11D3-BF4B-00C04F79EFBC}") = "TestApp.CorUI", "TestApp.CorUI\TestApp.CorUI.csproj", "{3BE45503-0016-46D6-8833-B9C387E3537F}"
EndProject
Project("{FAE04EC0-301F-11D3-BF4B-00C04F79EFBC}") = "TestApp.Web", "TestApp.Web\TestApp.Web.csproj", "{0389CD14-ACC7-4E87-8F3C-4DA127F9DF1D}"
EndProject
Project("{FAE04EC0-301F-11D3-BF4B-00C04F79EFBC}") = "TestApp.Windows", "TestApp.Windows\TestApp.Windows.csproj", "{1746E919-C712-4990-9A99-958E82AFE5B1}"
EndProject
Project("{FAE04EC0-301F-11D3-BF4B-00C04F79EFBC}") = "CorUI.Windows", "CorUI.Windows\CorUI.Windows.csproj", "{9BAC7BA3-FC4F-41B6-9752-EFC0403DA0F2}"
EndProject
Global
	GlobalSection(SolutionConfigurationPlatforms) = preSolution
		Debug|Any CPU = Debug|Any CPU
		Debug|ARM64 = Debug|ARM64
		Release|Any CPU = Release|Any CPU
		Release|ARM64 = Release|ARM64
	EndGlobalSection
	GlobalSection(ProjectConfigurationPlatforms) = postSolution
		{DF9D05CD-040D-47C2-9D9B-5B39AF29B439}.Debug|Any CPU.ActiveCfg = Debug|Any CPU
		{DF9D05CD-040D-47C2-9D9B-5B39AF29B439}.Debug|Any CPU.Build.0 = Debug|Any CPU
		{DF9D05CD-040D-47C2-9D9B-5B39AF29B439}.Debug|ARM64.ActiveCfg = Debug|ARM64
		{DF9D05CD-040D-47C2-9D9B-5B39AF29B439}.Debug|ARM64.Build.0 = Debug|ARM64
		{DF9D05CD-040D-47C2-9D9B-5B39AF29B439}.Release|Any CPU.ActiveCfg = Release|Any CPU
		{DF9D05CD-040D-47C2-9D9B-5B39AF29B439}.Release|Any CPU.Build.0 = Release|Any CPU
		{DF9D05CD-040D-47C2-9D9B-5B39AF29B439}.Release|ARM64.ActiveCfg = Release|ARM64
		{DF9D05CD-040D-47C2-9D9B-5B39AF29B439}.Release|ARM64.Build.0 = Release|ARM64
		{5A16ADB8-F35F-48B4-A6B8-A6B5034ADE16}.Debug|Any CPU.ActiveCfg = Debug|Any CPU
		{5A16ADB8-F35F-48B4-A6B8-A6B5034ADE16}.Debug|Any CPU.Build.0 = Debug|Any CPU
		{5A16ADB8-F35F-48B4-A6B8-A6B5034ADE16}.Debug|ARM64.ActiveCfg = Debug|ARM64
		{5A16ADB8-F35F-48B4-A6B8-A6B5034ADE16}.Debug|ARM64.Build.0 = Debug|ARM64
		{5A16ADB8-F35F-48B4-A6B8-A6B5034ADE16}.Release|Any CPU.ActiveCfg = Release|Any CPU
		{5A16ADB8-F35F-48B4-A6B8-A6B5034ADE16}.Release|Any CPU.Build.0 = Release|Any CPU
		{5A16ADB8-F35F-48B4-A6B8-A6B5034ADE16}.Release|ARM64.ActiveCfg = Release|ARM64
		{5A16ADB8-F35F-48B4-A6B8-A6B5034ADE16}.Release|ARM64.Build.0 = Release|ARM64
		{9850A5EB-3731-410A-B26C-F5B7B8BC0DBB}.Debug|Any CPU.ActiveCfg = Debug|Any CPU
		{9850A5EB-3731-410A-B26C-F5B7B8BC0DBB}.Debug|Any CPU.Build.0 = Debug|Any CPU
		{9850A5EB-3731-410A-B26C-F5B7B8BC0DBB}.Debug|ARM64.ActiveCfg = Debug|Any CPU
		{9850A5EB-3731-410A-B26C-F5B7B8BC0DBB}.Debug|ARM64.Build.0 = Debug|Any CPU
		{9850A5EB-3731-410A-B26C-F5B7B8BC0DBB}.Release|Any CPU.ActiveCfg = Release|Any CPU
		{9850A5EB-3731-410A-B26C-F5B7B8BC0DBB}.Release|Any CPU.Build.0 = Release|Any CPU
		{9850A5EB-3731-410A-B26C-F5B7B8BC0DBB}.Release|ARM64.ActiveCfg = Release|ARM64
		{9850A5EB-3731-410A-B26C-F5B7B8BC0DBB}.Release|ARM64.Build.0 = Release|ARM64
		{3BE45503-0016-46D6-8833-B9C387E3537F}.Debug|Any CPU.ActiveCfg = Debug|Any CPU
		{3BE45503-0016-46D6-8833-B9C387E3537F}.Debug|Any CPU.Build.0 = Debug|Any CPU
		{3BE45503-0016-46D6-8833-B9C387E3537F}.Debug|ARM64.ActiveCfg = Debug|ARM64
		{3BE45503-0016-46D6-8833-B9C387E3537F}.Debug|ARM64.Build.0 = Debug|ARM64
		{3BE45503-0016-46D6-8833-B9C387E3537F}.Release|Any CPU.ActiveCfg = Release|Any CPU
		{3BE45503-0016-46D6-8833-B9C387E3537F}.Release|Any CPU.Build.0 = Release|Any CPU
		{3BE45503-0016-46D6-8833-B9C387E3537F}.Release|ARM64.ActiveCfg = Release|ARM64
		{3BE45503-0016-46D6-8833-B9C387E3537F}.Release|ARM64.Build.0 = Release|ARM64
		{0389CD14-ACC7-4E87-8F3C-4DA127F9DF1D}.Debug|Any CPU.ActiveCfg = Debug|Any CPU
		{0389CD14-ACC7-4E87-8F3C-4DA127F9DF1D}.Debug|Any CPU.Build.0 = Debug|Any CPU
		{0389CD14-ACC7-4E87-8F3C-4DA127F9DF1D}.Debug|ARM64.ActiveCfg = Debug|Any CPU
		{0389CD14-ACC7-4E87-8F3C-4DA127F9DF1D}.Debug|ARM64.Build.0 = Debug|Any CPU
		{0389CD14-ACC7-4E87-8F3C-4DA127F9DF1D}.Release|Any CPU.ActiveCfg = Release|Any CPU
		{0389CD14-ACC7-4E87-8F3C-4DA127F9DF1D}.Release|Any CPU.Build.0 = Release|Any CPU
		{0389CD14-ACC7-4E87-8F3C-4DA127F9DF1D}.Release|ARM64.ActiveCfg = Release|ARM64
		{0389CD14-ACC7-4E87-8F3C-4DA127F9DF1D}.Release|ARM64.Build.0 = Release|ARM64
		{1746E919-C712-4990-9A99-958E82AFE5B1}.Debug|Any CPU.ActiveCfg = Debug|x64
		{1746E919-C712-4990-9A99-958E82AFE5B1}.Debug|Any CPU.Build.0 = Debug|x64
		{1746E919-C712-4990-9A99-958E82AFE5B1}.Debug|Any CPU.Deploy.0 = Debug|x64
		{1746E919-C712-4990-9A99-958E82AFE5B1}.Debug|ARM64.ActiveCfg = Debug|ARM64
		{1746E919-C712-4990-9A99-958E82AFE5B1}.Debug|ARM64.Build.0 = Debug|ARM64
		{1746E919-C712-4990-9A99-958E82AFE5B1}.Debug|ARM64.Deploy.0 = Debug|ARM64
		{1746E919-C712-4990-9A99-958E82AFE5B1}.Release|Any CPU.ActiveCfg = Release|x64
		{1746E919-C712-4990-9A99-958E82AFE5B1}.Release|Any CPU.Build.0 = Release|x64
		{1746E919-C712-4990-9A99-958E82AFE5B1}.Release|Any CPU.Deploy.0 = Release|x64
		{1746E919-C712-4990-9A99-958E82AFE5B1}.Release|ARM64.ActiveCfg = Release|ARM64
		{1746E919-C712-4990-9A99-958E82AFE5B1}.Release|ARM64.Build.0 = Release|ARM64
		{1746E919-C712-4990-9A99-958E82AFE5B1}.Release|ARM64.Deploy.0 = Release|ARM64
		{9BAC7BA3-FC4F-41B6-9752-EFC0403DA0F2}.Debug|Any CPU.ActiveCfg = Debug|Any CPU
		{9BAC7BA3-FC4F-41B6-9752-EFC0403DA0F2}.Debug|Any CPU.Build.0 = Debug|Any CPU
		{9BAC7BA3-FC4F-41B6-9752-EFC0403DA0F2}.Debug|ARM64.ActiveCfg = Debug|Any CPU
		{9BAC7BA3-FC4F-41B6-9752-EFC0403DA0F2}.Debug|ARM64.Build.0 = Debug|Any CPU
		{9BAC7BA3-FC4F-41B6-9752-EFC0403DA0F2}.Release|Any CPU.ActiveCfg = Release|Any CPU
		{9BAC7BA3-FC4F-41B6-9752-EFC0403DA0F2}.Release|Any CPU.Build.0 = Release|Any CPU
		{9BAC7BA3-FC4F-41B6-9752-EFC0403DA0F2}.Release|ARM64.ActiveCfg = Release|Any CPU
		{9BAC7BA3-FC4F-41B6-9752-EFC0403DA0F2}.Release|ARM64.Build.0 = Release|Any CPU
	EndGlobalSection
	GlobalSection(SolutionProperties) = preSolution
		HideSolutionNode = FALSE
	EndGlobalSection
	GlobalSection(NestedProjects) = preSolution
		{9850A5EB-3731-410A-B26C-F5B7B8BC0DBB} = {F6830E07-EB9E-46D8-95DF-3FD601342C61}
		{3BE45503-0016-46D6-8833-B9C387E3537F} = {F6830E07-EB9E-46D8-95DF-3FD601342C61}
		{0389CD14-ACC7-4E87-8F3C-4DA127F9DF1D} = {F6830E07-EB9E-46D8-95DF-3FD601342C61}
		{1746E919-C712-4990-9A99-958E82AFE5B1} = {F6830E07-EB9E-46D8-95DF-3FD601342C61}
	EndGlobalSection
	GlobalSection(ExtensibilityGlobals) = postSolution
		SolutionGuid = {61341970-7801-4E08-8CE2-0958C9BEE6BB}
	EndGlobalSection
EndGlobal
